// !$*UTF8*$!
{
	archiveVersion = 1;
	classes = {
	};
	objectVersion = 50;
	objects = {

/* Begin PBXBuildFile section */
		C0C7ECBA2568B20B00608D45 /* main.cpp in Sources */ = {isa = PBXBuildFile; fileRef = C0C7ECB92568B20B00608D45 /* main.cpp */; };
		C0C7ECC32568B29000608D45 /* Account.cpp in Sources */ = {isa = PBXBuildFile; fileRef = C0C7ECC12568B29000608D45 /* Account.cpp */; };
		C0C7ECC72568B2A700608D45 /* CheckingAccount.cpp in Sources */ = {isa = PBXBuildFile; fileRef = C0C7ECC52568B2A700608D45 /* CheckingAccount.cpp */; };
		C0C7ECCB2568B2B800608D45 /* SavingsAccount.cpp in Sources */ = {isa = PBXBuildFile; fileRef = C0C7ECC92568B2B800608D45 /* SavingsAccount.cpp */; };
/* End PBXBuildFile section */

/* Begin PBXCopyFilesBuildPhase section */
		C0C7ECB42568B20B00608D45 /* CopyFiles */ = {
			isa = PBXCopyFilesBuildPhase;
			buildActionMask = 2147483647;
			dstPath = /usr/share/man/man1/;
			dstSubfolderSpec = 0;
			files = (
			);
			runOnlyForDeploymentPostprocessing = 1;
		};
/* End PBXCopyFilesBuildPhase section */

/* Begin PBXFileReference section */
		C0C7ECB62568B20B00608D45 /* bank_account_inheritance */ = {isa = PBXFileReference; explicitFileType = "compiled.mach-o.executable"; includeInIndex = 0; path = bank_account_inheritance; sourceTree = BUILT_PRODUCTS_DIR; };
		C0C7ECB92568B20B00608D45 /* main.cpp */ = {isa = PBXFileReference; lastKnownFileType = sourcecode.cpp.cpp; path = main.cpp; sourceTree = "<group>"; };
		C0C7ECC12568B29000608D45 /* Account.cpp */ = {isa = PBXFileReference; lastKnownFileType = sourcecode.cpp.cpp; path = Account.cpp; sourceTree = "<group>"; };
		C0C7ECC22568B29000608D45 /* Account.hpp */ = {isa = PBXFileReference; lastKnownFileType = sourcecode.cpp.h; path = Account.hpp; sourceTree = "<group>"; };
		C0C7ECC52568B2A700608D45 /* CheckingAccount.cpp */ = {isa = PBXFileReference; lastKnownFileType = sourcecode.cpp.cpp; path = CheckingAccount.cpp; sourceTree = "<group>"; };
		C0C7ECC62568B2A700608D45 /* CheckingAccount.hpp */ = {isa = PBXFileReference; lastKnownFileType = sourcecode.cpp.h; path = CheckingAccount.hpp; sourceTree = "<group>"; };
		C0C7ECC92568B2B800608D45 /* SavingsAccount.cpp */ = {isa = PBXFileReference; lastKnownFileType = sourcecode.cpp.cpp; path = SavingsAccount.cpp; sourceTree = "<group>"; };
		C0C7ECCA2568B2B800608D45 /* SavingsAccount.hpp */ = {isa = PBXFileReference; lastKnownFileType = sourcecode.cpp.h; path = SavingsAccount.hpp; sourceTree = "<group>"; };
/* End PBXFileReference section */

/* Begin PBXFrameworksBuildPhase section */
		C0C7ECB32568B20B00608D45 /* Frameworks */ = {
			isa = PBXFrameworksBuildPhase;
			buildActionMask = 2147483647;
			files = (
			);
			runOnlyForDeploymentPostprocessing = 0;
		};
/* End PBXFrameworksBuildPhase section */

/* Begin PBXGroup section */
		C0C7ECAD2568B20B00608D45 = {
			isa = PBXGroup;
			children = (
				C0C7ECB82568B20B00608D45 /* bank_account_inheritance */,
				C0C7ECB72568B20B00608D45 /* Products */,
			);
			sourceTree = "<group>";
		};
		C0C7ECB72568B20B00608D45 /* Products */ = {
			isa = PBXGroup;
			children = (
				C0C7ECB62568B20B00608D45 /* bank_account_inheritance */,
			);
			name = Products;
			sourceTree = "<group>";
		};
		C0C7ECB82568B20B00608D45 /* bank_account_inheritance */ = {
			isa = PBXGroup;
			children = (
				C0C7ECB92568B20B00608D45 /* main.cpp */,
				C0C7ECC12568B29000608D45 /* Account.cpp */,
				C0C7ECC22568B29000608D45 /* Account.hpp */,
				C0C7ECC52568B2A700608D45 /* CheckingAccount.cpp */,
				C0C7ECC62568B2A700608D45 /* CheckingAccount.hpp */,
				C0C7ECC92568B2B800608D45 /* SavingsAccount.cpp */,
				C0C7ECCA2568B2B800608D45 /* SavingsAccount.hpp */,
			);
			path = bank_account_inheritance;
			sourceTree = "<group>";
		};
/* End PBXGroup section */

/* Begin PBXNativeTarget section */
		C0C7ECB52568B20B00608D45 /* bank_account_inheritance */ = {
			isa = PBXNativeTarget;
			buildConfigurationList = C0C7ECBD2568B20B00608D45 /* Build configuration list for PBXNativeTarget "bank_account_inheritance" */;
			buildPhases = (
				C0C7ECB22568B20B00608D45 /* Sources */,
				C0C7ECB32568B20B00608D45 /* Frameworks */,
				C0C7ECB42568B20B00608D45 /* CopyFiles */,
			);
			buildRules = (
			);
			dependencies = (
			);
			name = bank_account_inheritance;
			productName = bank_account_inheritance;
			productReference = C0C7ECB62568B20B00608D45 /* bank_account_inheritance */;
			productType = "com.apple.product-type.tool";
		};
/* End PBXNativeTarget section */

/* Begin PBXProject section */
		C0C7ECAE2568B20B00608D45 /* Project object */ = {
			isa = PBXProject;
			attributes = {
				LastUpgradeCheck = 1210;
				TargetAttributes = {
					C0C7ECB52568B20B00608D45 = {
						CreatedOnToolsVersion = 12.1;
					};
				};
			};
			buildConfigurationList = C0C7ECB12568B20B00608D45 /* Build configuration list for PBXProject "bank_account_inheritance" */;
			compatibilityVersion = "Xcode 9.3";
			developmentRegion = en;
			hasScannedForEncodings = 0;
			knownRegions = (
				en,
				Base,
			);
			mainGroup = C0C7ECAD2568B20B00608D45;
			productRefGroup = C0C7ECB72568B20B00608D45 /* Products */;
			projectDirPath = "";
			projectRoot = "";
			targets = (
				C0C7ECB52568B20B00608D45 /* bank_account_inheritance */,
			);
		};
/* End PBXProject section */

/* Begin PBXSourcesBuildPhase section */
		C0C7ECB22568B20B00608D45 /* Sources */ = {
			isa = PBXSourcesBuildPhase;
			buildActionMask = 2147483647;
			files = (
				C0C7ECC72568B2A700608D45 /* CheckingAccount.cpp in Sources */,
				C0C7ECBA2568B20B00608D45 /* main.cpp in Sources */,
				C0C7ECC32568B29000608D45 /* Account.cpp in Sources */,
				C0C7ECCB2568B2B800608D45 /* SavingsAccount.cpp in Sources */,
			);
			runOnlyForDeploymentPostprocessing = 0;
		};
/* End PBXSourcesBuildPhase section */

/* Begin XCBuildConfiguration section */
		C0C7ECBB2568B20B00608D45 /* Debug */ = {
			isa = XCBuildConfiguration;
			buildSettings = {
				ALWAYS_SEARCH_USER_PATHS = NO;
				CLANG_ANALYZER_NONNULL = YES;
				CLANG_ANALYZER_NUMBER_OBJECT_CONVERSION = YES_AGGRESSIVE;
				CLANG_CXX_LANGUAGE_STANDARD = "gnu++14";
				CLANG_CXX_LIBRARY = "libc++";
				CLANG_ENABLE_MODULES = YES;
				CLANG_ENABLE_OBJC_ARC = YES;
				CLANG_ENABLE_OBJC_WEAK = YES;
				CLANG_WARN_BLOCK_CAPTURE_AUTORELEASING = YES;
				CLANG_WARN_BOOL_CONVERSION = YES;
				CLANG_WARN_COMMA = YES;
				CLANG_WARN_CONSTANT_CONVERSION = YES;
				CLANG_WARN_DEPRECATED_OBJC_IMPLEMENTATIONS = YES;
				CLANG_WARN_DIRECT_OBJC_ISA_USAGE = YES_ERROR;
				CLANG_WARN_DOCUMENTATION_COMMENTS = YES;
				CLANG_WARN_EMPTY_BODY = YES;
				CLANG_WARN_ENUM_CONVERSION = YES;
				CLANG_WARN_INFINITE_RECURSION = YES;
				CLANG_WARN_INT_CONVERSION = YES;
				CLANG_WARN_NON_LITERAL_NULL_CONVERSION = YES;
				CLANG_WARN_OBJC_IMPLICIT_RETAIN_SELF = YES;
				CLANG_WARN_OBJC_LITERAL_CONVERSION = YES;
				CLANG_WARN_OBJC_ROOT_CLASS = YES_ERROR;
				CLANG_WARN_QUOTED_INCLUDE_IN_FRAMEWORK_HEADER = YES;
				CLANG_WARN_RANGE_LOOP_ANALYSIS = YES;
				CLANG_WARN_STRICT_PROTOTYPES = YES;
				CLANG_WARN_SUSPICIOUS_MOVE = YES;
				CLANG_WARN_UNGUARDED_AVAILABILITY = YES_AGGRESSIVE;
				CLANG_WARN_UNREACHABLE_CODE = YES;
				CLANG_WARN__DUPLICATE_METHOD_MATCH = YES;
				COPY_PHASE_STRIP = NO;
				DEBUG_INFORMATION_FORMAT = dwarf;
				ENABLE_STRICT_OBJC_MSGSEND = YES;
				ENABLE_TESTABILITY = YES;
				GCC_C_LANGUAGE_STANDARD = gnu11;
				GCC_DYNAMIC_NO_PIC = NO;
				GCC_NO_COMMON_BLOCKS = YES;
				GCC_OPTIMIZATION_LEVEL = 0;
				GCC_PREPROCESSOR_DEFINITIONS = (
					"DEBUG=1",
					"$(inherited)",
				);
				GCC_WARN_64_TO_32_BIT_CONVERSION = YES;
				GCC_WARN_ABOUT_RETURN_TYPE = YES_ERROR;
				GCC_WARN_UNDECLARED_SELECTOR = YES;
				GCC_WARN_UNINITIALIZED_AUTOS = YES_AGGRESSIVE;
				GCC_WARN_UNUSED_FUNCTION = YES;
				GCC_WARN_UNUSED_VARIABLE = YES;
				MACOSX_DEPLOYMENT_TARGET = 10.15;
				MTL_ENABLE_DEBUG_INFO = INCLUDE_SOURCE;
				MTL_FAST_MATH = YES;
				ONLY_ACTIVE_ARCH = YES;
				SDKROOT = macosx;
			};
			name = Debug;
		};
		C0C7ECBC2568B20B00608D45 /* Release */ = {
			isa = XCBuildConfiguration;
			buildSettings = {
				ALWAYS_SEARCH_USER_PATHS = NO;
				CLANG_ANALYZER_NONNULL = YES;
				CLANG_ANALYZER_NUMBER_OBJECT_CONVERSION = YES_AGGRESSIVE;
				CLANG_CXX_LANGUAGE_STANDARD = "gnu++14";
				CLANG_CXX_LIBRARY = "libc++";
				CLANG_ENABLE_MODULES = YES;
				CLANG_ENABLE_OBJC_ARC = YES;
				CLANG_ENABLE_OBJC_WEAK = YES;
				CLANG_WARN_BLOCK_CAPTURE_AUTORELEASING = YES;
				CLANG_WARN_BOOL_CONVERSION = YES;
				CLANG_WARN_COMMA = YES;
				CLANG_WARN_CONSTANT_CONVERSION = YES;
				CLANG_WARN_DEPRECATED_OBJC_IMPLEMENTATIONS = YES;
				CLANG_WARN_DIRECT_OBJC_ISA_USAGE = YES_ERROR;
				CLANG_WARN_DOCUMENTATION_COMMENTS = YES;
				CLANG_WARN_EMPTY_BODY = YES;
				CLANG_WARN_ENUM_CONVERSION = YES;
				CLANG_WARN_INFINITE_RECURSION = YES;
				CLANG_WARN_INT_CONVERSION = YES;
				CLANG_WARN_NON_LITERAL_NULL_CONVERSION = YES;
				CLANG_WARN_OBJC_IMPLICIT_RETAIN_SELF = YES;
				CLANG_WARN_OBJC_LITERAL_CONVERSION = YES;
				CLANG_WARN_OBJC_ROOT_CLASS = YES_ERROR;
				CLANG_WARN_QUOTED_INCLUDE_IN_FRAMEWORK_HEADER = YES;
				CLANG_WARN_RANGE_LOOP_ANALYSIS = YES;
				CLANG_WARN_STRICT_PROTOTYPES = YES;
				CLANG_WARN_SUSPICIOUS_MOVE = YES;
				CLANG_WARN_UNGUARDED_AVAILABILITY = YES_AGGRESSIVE;
				CLANG_WARN_UNREACHABLE_CODE = YES;
				CLANG_WARN__DUPLICATE_METHOD_MATCH = YES;
				COPY_PHASE_STRIP = NO;
				DEBUG_INFORMATION_FORMAT = "dwarf-with-dsym";
				ENABLE_NS_ASSERTIONS = NO;
				ENABLE_STRICT_OBJC_MSGSEND = YES;
				GCC_C_LANGUAGE_STANDARD = gnu11;
				GCC_NO_COMMON_BLOCKS = YES;
				GCC_WARN_64_TO_32_BIT_CONVERSION = YES;
				GCC_WARN_ABOUT_RETURN_TYPE = YES_ERROR;
				GCC_WARN_UNDECLARED_SELECTOR = YES;
				GCC_WARN_UNINITIALIZED_AUTOS = YES_AGGRESSIVE;
				GCC_WARN_UNUSED_FUNCTION = YES;
				GCC_WARN_UNUSED_VARIABLE = YES;
				MACOSX_DEPLOYMENT_TARGET = 10.15;
				MTL_ENABLE_DEBUG_INFO = NO;
				MTL_FAST_MATH = YES;
				SDKROOT = macosx;
			};
			name = Release;
		};
		C0C7ECBE2568B20B00608D45 /* Debug */ = {
			isa = XCBuildConfiguration;
			buildSettings = {
				CODE_SIGN_STYLE = Automatic;
				PRODUCT_NAME = "$(TARGET_NAME)";
			};
			name = Debug;
		};
		C0C7ECBF2568B20B00608D45 /* Release */ = {
			isa = XCBuildConfiguration;
			buildSettings = {
				CODE_SIGN_STYLE = Automatic;
				PRODUCT_NAME = "$(TARGET_NAME)";
			};
			name = Release;
		};
/* End XCBuildConfiguration section */

/* Begin XCConfigurationList section */
		C0C7ECB12568B20B00608D45 /* Build configuration list for PBXProject "bank_account_inheritance" */ = {
			isa = XCConfigurationList;
			buildConfigurations = (
				C0C7ECBB2568B20B00608D45 /* Debug */,
				C0C7ECBC2568B20B00608D45 /* Release */,
			);
			defaultConfigurationIsVisible = 0;
			defaultConfigurationName = Release;
		};
		C0C7ECBD2568B20B00608D45 /* Build configuration list for PBXNativeTarget "bank_account_inheritance" */ = {
			isa = XCConfigurationList;
			buildConfigurations = (
				C0C7ECBE2568B20B00608D45 /* Debug */,
				C0C7ECBF2568B20B00608D45 /* Release */,
			);
			defaultConfigurationIsVisible = 0;
			defaultConfigurationName = Release;
		};
/* End XCConfigurationList section */
	};
	rootObject = C0C7ECAE2568B20B00608D45 /* Project object */;
}
